
Microsoft Visual Studio Solution File, Format Version 12.00
# Visual Studio 15
VisualStudioVersion = 15.0.28307.329
MinimumVisualStudioVersion = 10.0.40219.1
Project("{FAE04EC0-301F-11D3-BF4B-00C04F79EFBC}") = "BookingSystem", "BookingSystem\BookingSystem.csproj", "{435B6202-2743-4E8B-8F1F-5ECEB62B8842}"
EndProject
Project("{FAE04EC0-301F-11D3-BF4B-00C04F79EFBC}") = "BookingSystem.Data", "BookingSystem.Data\BookingSystem.Data.csproj", "{C4188BD7-0F8B-4017-A309-0D53055351EB}"
EndProject
Global
	GlobalSection(SolutionConfigurationPlatforms) = preSolution
		Debug|Any CPU = Debug|Any CPU
		Release|Any CPU = Release|Any CPU
	EndGlobalSection
	GlobalSection(ProjectConfigurationPlatforms) = postSolution
		{435B6202-2743-4E8B-8F1F-5ECEB62B8842}.Debug|Any CPU.ActiveCfg = Debug|Any CPU
		{435B6202-2743-4E8B-8F1F-5ECEB62B8842}.Debug|Any CPU.Build.0 = Debug|Any CPU
		{435B6202-2743-4E8B-8F1F-5ECEB62B8842}.Release|Any CPU.ActiveCfg = Release|Any CPU
		{435B6202-2743-4E8B-8F1F-5ECEB62B8842}.Release|Any CPU.Build.0 = Release|Any CPU
		{C4188BD7-0F8B-4017-A309-0D53055351EB}.Debug|Any CPU.ActiveCfg = Debug|Any CPU
		{C4188BD7-0F8B-4017-A309-0D53055351EB}.Debug|Any CPU.Build.0 = Debug|Any CPU
		{C4188BD7-0F8B-4017-A309-0D53055351EB}.Release|Any CPU.ActiveCfg = Release|Any CPU
		{C4188BD7-0F8B-4017-A309-0D53055351EB}.Release|Any CPU.Build.0 = Release|Any CPU
	EndGlobalSection
	GlobalSection(SolutionProperties) = preSolution
		HideSolutionNode = FALSE
	EndGlobalSection
	GlobalSection(ExtensibilityGlobals) = postSolution
		SolutionGuid = {18027497-6980-43FD-9821-EC030D73F2E7}
	EndGlobalSection
EndGlobal
